{
  "nodes": {
    "flake-utils": {
      "locked": {
        "lastModified": 1644229661,
        "narHash": "sha256-1YdnJAsNy69bpcjuoKdOYQX0YxZBiCYZo4Twxerqv7k=",
        "owner": "numtide",
        "repo": "flake-utils",
        "rev": "3cecb5b042f7f209c56ffd8371b2711a290ec797",
        "type": "github"
      },
      "original": {
        "owner": "numtide",
        "repo": "flake-utils",
        "type": "github"
      }
    },
    "haskell-flake-utils": {
      "inputs": {
        "flake-utils": "flake-utils"
      },
      "locked": {
        "lastModified": 1672412555,
        "narHash": "sha256-Kaa8F7nQFR3KuS6Y9WRUxeJeZlp6CCubyrRfmiEsW4k=",
        "owner": "ivanovs-4",
        "repo": "haskell-flake-utils",
        "rev": "896219e5bde6efac72198550454e9dd9b5ed9ac9",
        "type": "github"
      },
      "original": {
        "owner": "ivanovs-4",
        "repo": "haskell-flake-utils",
        "rev": "896219e5bde6efac72198550454e9dd9b5ed9ac9",
        "type": "github"
      }
    },
    "nixpkgs": {
      "locked": {
        "lastModified": 1672170105,
        "narHash": "sha256-RabUtQyG7VCTlWgSu8/nzfF48sWaoO9xAPpRRoVDd18=",
        "owner": "nixos",
        "repo": "nixpkgs",
        "rev": "619a61fcfde0cce679708b8644d136e455e84eac",
        "type": "github"
      },
      "original": {
        "owner": "nixos",
        "ref": "nixos-22.11",
        "repo": "nixpkgs",
        "type": "github"
      }
    },
    "root": {
      "inputs": {
        "haskell-flake-utils": "haskell-flake-utils",
        "nixpkgs": "nixpkgs"
      }
    }
  },
  "root": "root",
  "version": 7
}
